
Microsoft Visual Studio Solution File, Format Version 12.00
# Visual Studio Version 16
VisualStudioVersion = 16.0.30503.244
MinimumVisualStudioVersion = 10.0.40219.1
Project("{FAE04EC0-301F-11D3-BF4B-00C04F79EFBC}") = "gyak4", "gyak4\gyak4.csproj", "{AEB7AAD5-5058-4342-9B27-A6F9AD4417DD}"
EndProject
Global
	GlobalSection(SolutionConfigurationPlatforms) = preSolution
		Debug|Any CPU = Debug|Any CPU
		Release|Any CPU = Release|Any CPU
	EndGlobalSection
	GlobalSection(ProjectConfigurationPlatforms) = postSolution
		{AEB7AAD5-5058-4342-9B27-A6F9AD4417DD}.Debug|Any CPU.ActiveCfg = Debug|Any CPU
		{AEB7AAD5-5058-4342-9B27-A6F9AD4417DD}.Debug|Any CPU.Build.0 = Debug|Any CPU
		{AEB7AAD5-5058-4342-9B27-A6F9AD4417DD}.Release|Any CPU.ActiveCfg = Release|Any CPU
		{AEB7AAD5-5058-4342-9B27-A6F9AD4417DD}.Release|Any CPU.Build.0 = Release|Any CPU
	EndGlobalSection
	GlobalSection(SolutionProperties) = preSolution
		HideSolutionNode = FALSE
	EndGlobalSection
	GlobalSection(ExtensibilityGlobals) = postSolution
		SolutionGuid = {65CA31B8-55B5-46AE-AC09-05868C03530A}
	EndGlobalSection
EndGlobal
