
Microsoft Visual Studio Solution File, Format Version 12.00
# Visual Studio Version 16
VisualStudioVersion = 16.0.30503.244
MinimumVisualStudioVersion = 10.0.40219.1
Project("{FAE04EC0-301F-11D3-BF4B-00C04F79EFBC}") = "WindowsFormsApp1", "WindowsFormsApp1\WindowsFormsApp1.csproj", "{890A2477-735C-492B-8DA3-A26B30FDDD28}"
EndProject
Global
	GlobalSection(SolutionConfigurationPlatforms) = preSolution
		Debug|Any CPU = Debug|Any CPU
		Release|Any CPU = Release|Any CPU
	EndGlobalSection
	GlobalSection(ProjectConfigurationPlatforms) = postSolution
		{890A2477-735C-492B-8DA3-A26B30FDDD28}.Debug|Any CPU.ActiveCfg = Debug|Any CPU
		{890A2477-735C-492B-8DA3-A26B30FDDD28}.Debug|Any CPU.Build.0 = Debug|Any CPU
		{890A2477-735C-492B-8DA3-A26B30FDDD28}.Release|Any CPU.ActiveCfg = Release|Any CPU
		{890A2477-735C-492B-8DA3-A26B30FDDD28}.Release|Any CPU.Build.0 = Release|Any CPU
	EndGlobalSection
	GlobalSection(SolutionProperties) = preSolution
		HideSolutionNode = FALSE
	EndGlobalSection
	GlobalSection(ExtensibilityGlobals) = postSolution
		SolutionGuid = {4B888E18-1A6A-4789-94D8-DAF3C6C4FF74}
	EndGlobalSection
EndGlobal
